// !$*UTF8*$!
{
	archiveVersion = 1;
	classes = {
	};
	objectVersion = 56;
	objects = {

/* Begin PBXBuildFile section */
		5CFF5A332971AAE1007C75E9 /* AppDelegate.swift in Sources */ = {isa = PBXBuildFile; fileRef = 5CFF5A322971AAE1007C75E9 /* AppDelegate.swift */; };
		5CFF5A352971AAE1007C75E9 /* SceneDelegate.swift in Sources */ = {isa = PBXBuildFile; fileRef = 5CFF5A342971AAE1007C75E9 /* SceneDelegate.swift */; };
		5CFF5A372971AAE1007C75E9 /* ViewController.swift in Sources */ = {isa = PBXBuildFile; fileRef = 5CFF5A362971AAE1007C75E9 /* ViewController.swift */; };
		5CFF5A3A2971AAE1007C75E9 /* Main.storyboard in Resources */ = {isa = PBXBuildFile; fileRef = 5CFF5A382971AAE1007C75E9 /* Main.storyboard */; };
		5CFF5A3C2971AAE1007C75E9 /* Assets.xcassets in Resources */ = {isa = PBXBuildFile; fileRef = 5CFF5A3B2971AAE1007C75E9 /* Assets.xcassets */; };
		5CFF5A3F2971AAE1007C75E9 /* LaunchScreen.storyboard in Resources */ = {isa = PBXBuildFile; fileRef = 5CFF5A3D2971AAE1007C75E9 /* LaunchScreen.storyboard */; };
		5CFF5A4A2971AAE2007C75E9 /* yeniiiTests.swift in Sources */ = {isa = PBXBuildFile; fileRef = 5CFF5A492971AAE2007C75E9 /* yeniiiTests.swift */; };
		5CFF5A542971AAE2007C75E9 /* yeniiiUITests.swift in Sources */ = {isa = PBXBuildFile; fileRef = 5CFF5A532971AAE2007C75E9 /* yeniiiUITests.swift */; };
		5CFF5A562971AAE2007C75E9 /* yeniiiUITestsLaunchTests.swift in Sources */ = {isa = PBXBuildFile; fileRef = 5CFF5A552971AAE2007C75E9 /* yeniiiUITestsLaunchTests.swift */; };
/* End PBXBuildFile section */

/* Begin PBXContainerItemProxy section */
		5CFF5A462971AAE2007C75E9 /* PBXContainerItemProxy */ = {
			isa = PBXContainerItemProxy;
			containerPortal = 5CFF5A272971AAE1007C75E9 /* Project object */;
			proxyType = 1;
			remoteGlobalIDString = 5CFF5A2E2971AAE1007C75E9;
			remoteInfo = yeniii;
		};
		5CFF5A502971AAE2007C75E9 /* PBXContainerItemProxy */ = {
			isa = PBXContainerItemProxy;
			containerPortal = 5CFF5A272971AAE1007C75E9 /* Project object */;
			proxyType = 1;
			remoteGlobalIDString = 5CFF5A2E2971AAE1007C75E9;
			remoteInfo = yeniii;
		};
/* End PBXContainerItemProxy section */

/* Begin PBXFileReference section */
		5CFF5A2F2971AAE1007C75E9 /* yeniii.app */ = {isa = PBXFileReference; explicitFileType = wrapper.application; includeInIndex = 0; path = yeniii.app; sourceTree = BUILT_PRODUCTS_DIR; };
		5CFF5A322971AAE1007C75E9 /* AppDelegate.swift */ = {isa = PBXFileReference; lastKnownFileType = sourcecode.swift; path = AppDelegate.swift; sourceTree = "<group>"; };
		5CFF5A342971AAE1007C75E9 /* SceneDelegate.swift */ = {isa = PBXFileReference; lastKnownFileType = sourcecode.swift; path = SceneDelegate.swift; sourceTree = "<group>"; };
		5CFF5A362971AAE1007C75E9 /* ViewController.swift */ = {isa = PBXFileReference; lastKnownFileType = sourcecode.swift; path = ViewController.swift; sourceTree = "<group>"; };
		5CFF5A392971AAE1007C75E9 /* Base */ = {isa = PBXFileReference; lastKnownFileType = file.storyboard; name = Base; path = Base.lproj/Main.storyboard; sourceTree = "<group>"; };
		5CFF5A3B2971AAE1007C75E9 /* Assets.xcassets */ = {isa = PBXFileReference; lastKnownFileType = folder.assetcatalog; path = Assets.xcassets; sourceTree = "<group>"; };
		5CFF5A3E2971AAE1007C75E9 /* Base */ = {isa = PBXFileReference; lastKnownFileType = file.storyboard; name = Base; path = Base.lproj/LaunchScreen.storyboard; sourceTree = "<group>"; };
		5CFF5A402971AAE1007C75E9 /* Info.plist */ = {isa = PBXFileReference; lastKnownFileType = text.plist.xml; path = Info.plist; sourceTree = "<group>"; };
		5CFF5A452971AAE2007C75E9 /* yeniiiTests.xctest */ = {isa = PBXFileReference; explicitFileType = wrapper.cfbundle; includeInIndex = 0; path = yeniiiTests.xctest; sourceTree = BUILT_PRODUCTS_DIR; };
		5CFF5A492971AAE2007C75E9 /* yeniiiTests.swift */ = {isa = PBXFileReference; lastKnownFileType = sourcecode.swift; path = yeniiiTests.swift; sourceTree = "<group>"; };
		5CFF5A4F2971AAE2007C75E9 /* yeniiiUITests.xctest */ = {isa = PBXFileReference; explicitFileType = wrapper.cfbundle; includeInIndex = 0; path = yeniiiUITests.xctest; sourceTree = BUILT_PRODUCTS_DIR; };
		5CFF5A532971AAE2007C75E9 /* yeniiiUITests.swift */ = {isa = PBXFileReference; lastKnownFileType = sourcecode.swift; path = yeniiiUITests.swift; sourceTree = "<group>"; };
		5CFF5A552971AAE2007C75E9 /* yeniiiUITestsLaunchTests.swift */ = {isa = PBXFileReference; lastKnownFileType = sourcecode.swift; path = yeniiiUITestsLaunchTests.swift; sourceTree = "<group>"; };
/* End PBXFileReference section */

/* Begin PBXFrameworksBuildPhase section */
		5CFF5A2C2971AAE1007C75E9 /* Frameworks */ = {
			isa = PBXFrameworksBuildPhase;
			buildActionMask = 2147483647;
			files = (
			);
			runOnlyForDeploymentPostprocessing = 0;
		};
		5CFF5A422971AAE2007C75E9 /* Frameworks */ = {
			isa = PBXFrameworksBuildPhase;
			buildActionMask = 2147483647;
			files = (
			);
			runOnlyForDeploymentPostprocessing = 0;
		};
		5CFF5A4C2971AAE2007C75E9 /* Frameworks */ = {
			isa = PBXFrameworksBuildPhase;
			buildActionMask = 2147483647;
			files = (
			);
			runOnlyForDeploymentPostprocessing = 0;
		};
/* End PBXFrameworksBuildPhase section */

/* Begin PBXGroup section */
		5CFF5A262971AAE1007C75E9 = {
			isa = PBXGroup;
			children = (
				5CFF5A312971AAE1007C75E9 /* yeniii */,
				5CFF5A482971AAE2007C75E9 /* yeniiiTests */,
				5CFF5A522971AAE2007C75E9 /* yeniiiUITests */,
				5CFF5A302971AAE1007C75E9 /* Products */,
			);
			sourceTree = "<group>";
		};
		5CFF5A302971AAE1007C75E9 /* Products */ = {
			isa = PBXGroup;
			children = (
				5CFF5A2F2971AAE1007C75E9 /* yeniii.app */,
				5CFF5A452971AAE2007C75E9 /* yeniiiTests.xctest */,
				5CFF5A4F2971AAE2007C75E9 /* yeniiiUITests.xctest */,
			);
			name = Products;
			sourceTree = "<group>";
		};
		5CFF5A312971AAE1007C75E9 /* yeniii */ = {
			isa = PBXGroup;
			children = (
				5CFF5A322971AAE1007C75E9 /* AppDelegate.swift */,
				5CFF5A342971AAE1007C75E9 /* SceneDelegate.swift */,
				5CFF5A362971AAE1007C75E9 /* ViewController.swift */,
				5CFF5A382971AAE1007C75E9 /* Main.storyboard */,
				5CFF5A3B2971AAE1007C75E9 /* Assets.xcassets */,
				5CFF5A3D2971AAE1007C75E9 /* LaunchScreen.storyboard */,
				5CFF5A402971AAE1007C75E9 /* Info.plist */,
			);
			path = yeniii;
			sourceTree = "<group>";
		};
		5CFF5A482971AAE2007C75E9 /* yeniiiTests */ = {
			isa = PBXGroup;
			children = (
				5CFF5A492971AAE2007C75E9 /* yeniiiTests.swift */,
			);
			path = yeniiiTests;
			sourceTree = "<group>";
		};
		5CFF5A522971AAE2007C75E9 /* yeniiiUITests */ = {
			isa = PBXGroup;
			children = (
				5CFF5A532971AAE2007C75E9 /* yeniiiUITests.swift */,
				5CFF5A552971AAE2007C75E9 /* yeniiiUITestsLaunchTests.swift */,
			);
			path = yeniiiUITests;
			sourceTree = "<group>";
		};
/* End PBXGroup section */

/* Begin PBXNativeTarget section */
		5CFF5A2E2971AAE1007C75E9 /* yeniii */ = {
			isa = PBXNativeTarget;
			buildConfigurationList = 5CFF5A592971AAE2007C75E9 /* Build configuration list for PBXNativeTarget "yeniii" */;
			buildPhases = (
				5CFF5A2B2971AAE1007C75E9 /* Sources */,
				5CFF5A2C2971AAE1007C75E9 /* Frameworks */,
				5CFF5A2D2971AAE1007C75E9 /* Resources */,
			);
			buildRules = (
			);
			dependencies = (
			);
			name = yeniii;
			productName = yeniii;
			productReference = 5CFF5A2F2971AAE1007C75E9 /* yeniii.app */;
			productType = "com.apple.product-type.application";
		};
		5CFF5A442971AAE2007C75E9 /* yeniiiTests */ = {
			isa = PBXNativeTarget;
			buildConfigurationList = 5CFF5A5C2971AAE2007C75E9 /* Build configuration list for PBXNativeTarget "yeniiiTests" */;
			buildPhases = (
				5CFF5A412971AAE2007C75E9 /* Sources */,
				5CFF5A422971AAE2007C75E9 /* Frameworks */,
				5CFF5A432971AAE2007C75E9 /* Resources */,
			);
			buildRules = (
			);
			dependencies = (
				5CFF5A472971AAE2007C75E9 /* PBXTargetDependency */,
			);
			name = yeniiiTests;
			productName = yeniiiTests;
			productReference = 5CFF5A452971AAE2007C75E9 /* yeniiiTests.xctest */;
			productType = "com.apple.product-type.bundle.unit-test";
		};
		5CFF5A4E2971AAE2007C75E9 /* yeniiiUITests */ = {
			isa = PBXNativeTarget;
			buildConfigurationList = 5CFF5A5F2971AAE2007C75E9 /* Build configuration list for PBXNativeTarget "yeniiiUITests" */;
			buildPhases = (
				5CFF5A4B2971AAE2007C75E9 /* Sources */,
				5CFF5A4C2971AAE2007C75E9 /* Frameworks */,
				5CFF5A4D2971AAE2007C75E9 /* Resources */,
			);
			buildRules = (
			);
			dependencies = (
				5CFF5A512971AAE2007C75E9 /* PBXTargetDependency */,
			);
			name = yeniiiUITests;
			productName = yeniiiUITests;
			productReference = 5CFF5A4F2971AAE2007C75E9 /* yeniiiUITests.xctest */;
			productType = "com.apple.product-type.bundle.ui-testing";
		};
/* End PBXNativeTarget section */

/* Begin PBXProject section */
		5CFF5A272971AAE1007C75E9 /* Project object */ = {
			isa = PBXProject;
			attributes = {
				BuildIndependentTargetsInParallel = 1;
				LastSwiftUpdateCheck = 1420;
				LastUpgradeCheck = 1420;
				TargetAttributes = {
					5CFF5A2E2971AAE1007C75E9 = {
						CreatedOnToolsVersion = 14.2;
					};
					5CFF5A442971AAE2007C75E9 = {
						CreatedOnToolsVersion = 14.2;
						TestTargetID = 5CFF5A2E2971AAE1007C75E9;
					};
					5CFF5A4E2971AAE2007C75E9 = {
						CreatedOnToolsVersion = 14.2;
						TestTargetID = 5CFF5A2E2971AAE1007C75E9;
					};
				};
			};
			buildConfigurationList = 5CFF5A2A2971AAE1007C75E9 /* Build configuration list for PBXProject "yeniii" */;
			compatibilityVersion = "Xcode 14.0";
			developmentRegion = en;
			hasScannedForEncodings = 0;
			knownRegions = (
				en,
				Base,
			);
			mainGroup = 5CFF5A262971AAE1007C75E9;
			productRefGroup = 5CFF5A302971AAE1007C75E9 /* Products */;
			projectDirPath = "";
			projectRoot = "";
			targets = (
				5CFF5A2E2971AAE1007C75E9 /* yeniii */,
				5CFF5A442971AAE2007C75E9 /* yeniiiTests */,
				5CFF5A4E2971AAE2007C75E9 /* yeniiiUITests */,
			);
		};
/* End PBXProject section */

/* Begin PBXResourcesBuildPhase section */
		5CFF5A2D2971AAE1007C75E9 /* Resources */ = {
			isa = PBXResourcesBuildPhase;
			buildActionMask = 2147483647;
			files = (
				5CFF5A3F2971AAE1007C75E9 /* LaunchScreen.storyboard in Resources */,
				5CFF5A3C2971AAE1007C75E9 /* Assets.xcassets in Resources */,
				5CFF5A3A2971AAE1007C75E9 /* Main.storyboard in Resources */,
			);
			runOnlyForDeploymentPostprocessing = 0;
		};
		5CFF5A432971AAE2007C75E9 /* Resources */ = {
			isa = PBXResourcesBuildPhase;
			buildActionMask = 2147483647;
			files = (
			);
			runOnlyForDeploymentPostprocessing = 0;
		};
		5CFF5A4D2971AAE2007C75E9 /* Resources */ = {
			isa = PBXResourcesBuildPhase;
			buildActionMask = 2147483647;
			files = (
			);
			runOnlyForDeploymentPostprocessing = 0;
		};
/* End PBXResourcesBuildPhase section */

/* Begin PBXSourcesBuildPhase section */
		5CFF5A2B2971AAE1007C75E9 /* Sources */ = {
			isa = PBXSourcesBuildPhase;
			buildActionMask = 2147483647;
			files = (
				5CFF5A372971AAE1007C75E9 /* ViewController.swift in Sources */,
				5CFF5A332971AAE1007C75E9 /* AppDelegate.swift in Sources */,
				5CFF5A352971AAE1007C75E9 /* SceneDelegate.swift in Sources */,
			);
			runOnlyForDeploymentPostprocessing = 0;
		};
		5CFF5A412971AAE2007C75E9 /* Sources */ = {
			isa = PBXSourcesBuildPhase;
			buildActionMask = 2147483647;
			files = (
				5CFF5A4A2971AAE2007C75E9 /* yeniiiTests.swift in Sources */,
			);
			runOnlyForDeploymentPostprocessing = 0;
		};
		5CFF5A4B2971AAE2007C75E9 /* Sources */ = {
			isa = PBXSourcesBuildPhase;
			buildActionMask = 2147483647;
			files = (
				5CFF5A542971AAE2007C75E9 /* yeniiiUITests.swift in Sources */,
				5CFF5A562971AAE2007C75E9 /* yeniiiUITestsLaunchTests.swift in Sources */,
			);
			runOnlyForDeploymentPostprocessing = 0;
		};
/* End PBXSourcesBuildPhase section */

/* Begin PBXTargetDependency section */
		5CFF5A472971AAE2007C75E9 /* PBXTargetDependency */ = {
			isa = PBXTargetDependency;
			target = 5CFF5A2E2971AAE1007C75E9 /* yeniii */;
			targetProxy = 5CFF5A462971AAE2007C75E9 /* PBXContainerItemProxy */;
		};
		5CFF5A512971AAE2007C75E9 /* PBXTargetDependency */ = {
			isa = PBXTargetDependency;
			target = 5CFF5A2E2971AAE1007C75E9 /* yeniii */;
			targetProxy = 5CFF5A502971AAE2007C75E9 /* PBXContainerItemProxy */;
		};
/* End PBXTargetDependency section */

/* Begin PBXVariantGroup section */
		5CFF5A382971AAE1007C75E9 /* Main.storyboard */ = {
			isa = PBXVariantGroup;
			children = (
				5CFF5A392971AAE1007C75E9 /* Base */,
			);
			name = Main.storyboard;
			sourceTree = "<group>";
		};
		5CFF5A3D2971AAE1007C75E9 /* LaunchScreen.storyboard */ = {
			isa = PBXVariantGroup;
			children = (
				5CFF5A3E2971AAE1007C75E9 /* Base */,
			);
			name = LaunchScreen.storyboard;
			sourceTree = "<group>";
		};
/* End PBXVariantGroup section */

/* Begin XCBuildConfiguration section */
		5CFF5A572971AAE2007C75E9 /* Debug */ = {
			isa = XCBuildConfiguration;
			buildSettings = {
				ALWAYS_SEARCH_USER_PATHS = NO;
				CLANG_ANALYZER_NONNULL = YES;
				CLANG_ANALYZER_NUMBER_OBJECT_CONVERSION = YES_AGGRESSIVE;
				CLANG_CXX_LANGUAGE_STANDARD = "gnu++20";
				CLANG_ENABLE_MODULES = YES;
				CLANG_ENABLE_OBJC_ARC = YES;
				CLANG_ENABLE_OBJC_WEAK = YES;
				CLANG_WARN_BLOCK_CAPTURE_AUTORELEASING = YES;
				CLANG_WARN_BOOL_CONVERSION = YES;
				CLANG_WARN_COMMA = YES;
				CLANG_WARN_CONSTANT_CONVERSION = YES;
				CLANG_WARN_DEPRECATED_OBJC_IMPLEMENTATIONS = YES;
				CLANG_WARN_DIRECT_OBJC_ISA_USAGE = YES_ERROR;
				CLANG_WARN_DOCUMENTATION_COMMENTS = YES;
				CLANG_WARN_EMPTY_BODY = YES;
				CLANG_WARN_ENUM_CONVERSION = YES;
				CLANG_WARN_INFINITE_RECURSION = YES;
				CLANG_WARN_INT_CONVERSION = YES;
				CLANG_WARN_NON_LITERAL_NULL_CONVERSION = YES;
				CLANG_WARN_OBJC_IMPLICIT_RETAIN_SELF = YES;
				CLANG_WARN_OBJC_LITERAL_CONVERSION = YES;
				CLANG_WARN_OBJC_ROOT_CLASS = YES_ERROR;
				CLANG_WARN_QUOTED_INCLUDE_IN_FRAMEWORK_HEADER = YES;
				CLANG_WARN_RANGE_LOOP_ANALYSIS = YES;
				CLANG_WARN_STRICT_PROTOTYPES = YES;
				CLANG_WARN_SUSPICIOUS_MOVE = YES;
				CLANG_WARN_UNGUARDED_AVAILABILITY = YES_AGGRESSIVE;
				CLANG_WARN_UNREACHABLE_CODE = YES;
				CLANG_WARN__DUPLICATE_METHOD_MATCH = YES;
				COPY_PHASE_STRIP = NO;
				DEBUG_INFORMATION_FORMAT = dwarf;
				ENABLE_STRICT_OBJC_MSGSEND = YES;
				ENABLE_TESTABILITY = YES;
				GCC_C_LANGUAGE_STANDARD = gnu11;
				GCC_DYNAMIC_NO_PIC = NO;
				GCC_NO_COMMON_BLOCKS = YES;
				GCC_OPTIMIZATION_LEVEL = 0;
				GCC_PREPROCESSOR_DEFINITIONS = (
					"DEBUG=1",
					"$(inherited)",
				);
				GCC_WARN_64_TO_32_BIT_CONVERSION = YES;
				GCC_WARN_ABOUT_RETURN_TYPE = YES_ERROR;
				GCC_WARN_UNDECLARED_SELECTOR = YES;
				GCC_WARN_UNINITIALIZED_AUTOS = YES_AGGRESSIVE;
				GCC_WARN_UNUSED_FUNCTION = YES;
				GCC_WARN_UNUSED_VARIABLE = YES;
				IPHONEOS_DEPLOYMENT_TARGET = 16.2;
				MTL_ENABLE_DEBUG_INFO = INCLUDE_SOURCE;
				MTL_FAST_MATH = YES;
				ONLY_ACTIVE_ARCH = YES;
				SDKROOT = iphoneos;
				SWIFT_ACTIVE_COMPILATION_CONDITIONS = DEBUG;
				SWIFT_OPTIMIZATION_LEVEL = "-Onone";
			};
			name = Debug;
		};
		5CFF5A582971AAE2007C75E9 /* Release */ = {
			isa = XCBuildConfiguration;
			buildSettings = {
				ALWAYS_SEARCH_USER_PATHS = NO;
				CLANG_ANALYZER_NONNULL = YES;
				CLANG_ANALYZER_NUMBER_OBJECT_CONVERSION = YES_AGGRESSIVE;
				CLANG_CXX_LANGUAGE_STANDARD = "gnu++20";
				CLANG_ENABLE_MODULES = YES;
				CLANG_ENABLE_OBJC_ARC = YES;
				CLANG_ENABLE_OBJC_WEAK = YES;
				CLANG_WARN_BLOCK_CAPTURE_AUTORELEASING = YES;
				CLANG_WARN_BOOL_CONVERSION = YES;
				CLANG_WARN_COMMA = YES;
				CLANG_WARN_CONSTANT_CONVERSION = YES;
				CLANG_WARN_DEPRECATED_OBJC_IMPLEMENTATIONS = YES;
				CLANG_WARN_DIRECT_OBJC_ISA_USAGE = YES_ERROR;
				CLANG_WARN_DOCUMENTATION_COMMENTS = YES;
				CLANG_WARN_EMPTY_BODY = YES;
				CLANG_WARN_ENUM_CONVERSION = YES;
				CLANG_WARN_INFINITE_RECURSION = YES;
				CLANG_WARN_INT_CONVERSION = YES;
				CLANG_WARN_NON_LITERAL_NULL_CONVERSION = YES;
				CLANG_WARN_OBJC_IMPLICIT_RETAIN_SELF = YES;
				CLANG_WARN_OBJC_LITERAL_CONVERSION = YES;
				CLANG_WARN_OBJC_ROOT_CLASS = YES_ERROR;
				CLANG_WARN_QUOTED_INCLUDE_IN_FRAMEWORK_HEADER = YES;
				CLANG_WARN_RANGE_LOOP_ANALYSIS = YES;
				CLANG_WARN_STRICT_PROTOTYPES = YES;
				CLANG_WARN_SUSPICIOUS_MOVE = YES;
				CLANG_WARN_UNGUARDED_AVAILABILITY = YES_AGGRESSIVE;
				CLANG_WARN_UNREACHABLE_CODE = YES;
				CLANG_WARN__DUPLICATE_METHOD_MATCH = YES;
				COPY_PHASE_STRIP = NO;
				DEBUG_INFORMATION_FORMAT = "dwarf-with-dsym";
				ENABLE_NS_ASSERTIONS = NO;
				ENABLE_STRICT_OBJC_MSGSEND = YES;
				GCC_C_LANGUAGE_STANDARD = gnu11;
				GCC_NO_COMMON_BLOCKS = YES;
				GCC_WARN_64_TO_32_BIT_CONVERSION = YES;
				GCC_WARN_ABOUT_RETURN_TYPE = YES_ERROR;
				GCC_WARN_UNDECLARED_SELECTOR = YES;
				GCC_WARN_UNINITIALIZED_AUTOS = YES_AGGRESSIVE;
				GCC_WARN_UNUSED_FUNCTION = YES;
				GCC_WARN_UNUSED_VARIABLE = YES;
				IPHONEOS_DEPLOYMENT_TARGET = 16.2;
				MTL_ENABLE_DEBUG_INFO = NO;
				MTL_FAST_MATH = YES;
				SDKROOT = iphoneos;
				SWIFT_COMPILATION_MODE = wholemodule;
				SWIFT_OPTIMIZATION_LEVEL = "-O";
				VALIDATE_PRODUCT = YES;
			};
			name = Release;
		};
		5CFF5A5A2971AAE2007C75E9 /* Debug */ = {
			isa = XCBuildConfiguration;
			buildSettings = {
				ASSETCATALOG_COMPILER_APPICON_NAME = AppIcon;
				ASSETCATALOG_COMPILER_GLOBAL_ACCENT_COLOR_NAME = AccentColor;
				CODE_SIGN_STYLE = Automatic;
				CURRENT_PROJECT_VERSION = 1;
				DEVELOPMENT_TEAM = MXW6UXTYPN;
				GENERATE_INFOPLIST_FILE = YES;
				INFOPLIST_FILE = yeniii/Info.plist;
				INFOPLIST_KEY_UIApplicationSupportsIndirectInputEvents = YES;
				INFOPLIST_KEY_UILaunchStoryboardName = LaunchScreen;
				INFOPLIST_KEY_UIMainStoryboardFile = Main;
				INFOPLIST_KEY_UISupportedInterfaceOrientations_iPad = "UIInterfaceOrientationPortrait UIInterfaceOrientationPortraitUpsideDown UIInterfaceOrientationLandscapeLeft UIInterfaceOrientationLandscapeRight";
				INFOPLIST_KEY_UISupportedInterfaceOrientations_iPhone = "UIInterfaceOrientationPortrait UIInterfaceOrientationLandscapeLeft UIInterfaceOrientationLandscapeRight";
				LD_RUNPATH_SEARCH_PATHS = (
					"$(inherited)",
					"@executable_path/Frameworks",
				);
				MARKETING_VERSION = 1.0;
				PRODUCT_BUNDLE_IDENTIFIER = amed.yeniii;
				PRODUCT_NAME = "$(TARGET_NAME)";
				SWIFT_EMIT_LOC_STRINGS = YES;
				SWIFT_VERSION = 5.0;
				TARGETED_DEVICE_FAMILY = "1,2";
			};
			name = Debug;
		};
		5CFF5A5B2971AAE2007C75E9 /* Release */ = {
			isa = XCBuildConfiguration;
			buildSettings = {
				ASSETCATALOG_COMPILER_APPICON_NAME = AppIcon;
				ASSETCATALOG_COMPILER_GLOBAL_ACCENT_COLOR_NAME = AccentColor;
				CODE_SIGN_STYLE = Automatic;
				CURRENT_PROJECT_VERSION = 1;
				DEVELOPMENT_TEAM = MXW6UXTYPN;
				GENERATE_INFOPLIST_FILE = YES;
				INFOPLIST_FILE = yeniii/Info.plist;
				INFOPLIST_KEY_UIApplicationSupportsIndirectInputEvents = YES;
				INFOPLIST_KEY_UILaunchStoryboardName = LaunchScreen;
				INFOPLIST_KEY_UIMainStoryboardFile = Main;
				INFOPLIST_KEY_UISupportedInterfaceOrientations_iPad = "UIInterfaceOrientationPortrait UIInterfaceOrientationPortraitUpsideDown UIInterfaceOrientationLandscapeLeft UIInterfaceOrientationLandscapeRight";
				INFOPLIST_KEY_UISupportedInterfaceOrientations_iPhone = "UIInterfaceOrientationPortrait UIInterfaceOrientationLandscapeLeft UIInterfaceOrientationLandscapeRight";
				LD_RUNPATH_SEARCH_PATHS = (
					"$(inherited)",
					"@executable_path/Frameworks",
				);
				MARKETING_VERSION = 1.0;
				PRODUCT_BUNDLE_IDENTIFIER = amed.yeniii;
				PRODUCT_NAME = "$(TARGET_NAME)";
				SWIFT_EMIT_LOC_STRINGS = YES;
				SWIFT_VERSION = 5.0;
				TARGETED_DEVICE_FAMILY = "1,2";
			};
			name = Release;
		};
		5CFF5A5D2971AAE2007C75E9 /* Debug */ = {
			isa = XCBuildConfiguration;
			buildSettings = {
				ALWAYS_EMBED_SWIFT_STANDARD_LIBRARIES = YES;
				BUNDLE_LOADER = "$(TEST_HOST)";
				CODE_SIGN_STYLE = Automatic;
				CURRENT_PROJECT_VERSION = 1;
				DEVELOPMENT_TEAM = MXW6UXTYPN;
				GENERATE_INFOPLIST_FILE = YES;
				IPHONEOS_DEPLOYMENT_TARGET = 16.2;
				MARKETING_VERSION = 1.0;
				PRODUCT_BUNDLE_IDENTIFIER = amed.yeniiiTests;
				PRODUCT_NAME = "$(TARGET_NAME)";
				SWIFT_EMIT_LOC_STRINGS = NO;
				SWIFT_VERSION = 5.0;
				TARGETED_DEVICE_FAMILY = "1,2";
				TEST_HOST = "$(BUILT_PRODUCTS_DIR)/yeniii.app/$(BUNDLE_EXECUTABLE_FOLDER_PATH)/yeniii";
			};
			name = Debug;
		};
		5CFF5A5E2971AAE2007C75E9 /* Release */ = {
			isa = XCBuildConfiguration;
			buildSettings = {
				ALWAYS_EMBED_SWIFT_STANDARD_LIBRARIES = YES;
				BUNDLE_LOADER = "$(TEST_HOST)";
				CODE_SIGN_STYLE = Automatic;
				CURRENT_PROJECT_VERSION = 1;
				DEVELOPMENT_TEAM = MXW6UXTYPN;
				GENERATE_INFOPLIST_FILE = YES;
				IPHONEOS_DEPLOYMENT_TARGET = 16.2;
				MARKETING_VERSION = 1.0;
				PRODUCT_BUNDLE_IDENTIFIER = amed.yeniiiTests;
				PRODUCT_NAME = "$(TARGET_NAME)";
				SWIFT_EMIT_LOC_STRINGS = NO;
				SWIFT_VERSION = 5.0;
				TARGETED_DEVICE_FAMILY = "1,2";
				TEST_HOST = "$(BUILT_PRODUCTS_DIR)/yeniii.app/$(BUNDLE_EXECUTABLE_FOLDER_PATH)/yeniii";
			};
			name = Release;
		};
		5CFF5A602971AAE2007C75E9 /* Debug */ = {
			isa = XCBuildConfiguration;
			buildSettings = {
				ALWAYS_EMBED_SWIFT_STANDARD_LIBRARIES = YES;
				CODE_SIGN_STYLE = Automatic;
				CURRENT_PROJECT_VERSION = 1;
				DEVELOPMENT_TEAM = MXW6UXTYPN;
				GENERATE_INFOPLIST_FILE = YES;
				MARKETING_VERSION = 1.0;
				PRODUCT_BUNDLE_IDENTIFIER = amed.yeniiiUITests;
				PRODUCT_NAME = "$(TARGET_NAME)";
				SWIFT_EMIT_LOC_STRINGS = NO;
				SWIFT_VERSION = 5.0;
				TARGETED_DEVICE_FAMILY = "1,2";
				TEST_TARGET_NAME = yeniii;
			};
			name = Debug;
		};
		5CFF5A612971AAE2007C75E9 /* Release */ = {
			isa = XCBuildConfiguration;
			buildSettings = {
				ALWAYS_EMBED_SWIFT_STANDARD_LIBRARIES = YES;
				CODE_SIGN_STYLE = Automatic;
				CURRENT_PROJECT_VERSION = 1;
				DEVELOPMENT_TEAM = MXW6UXTYPN;
				GENERATE_INFOPLIST_FILE = YES;
				MARKETING_VERSION = 1.0;
				PRODUCT_BUNDLE_IDENTIFIER = amed.yeniiiUITests;
				PRODUCT_NAME = "$(TARGET_NAME)";
				SWIFT_EMIT_LOC_STRINGS = NO;
				SWIFT_VERSION = 5.0;
				TARGETED_DEVICE_FAMILY = "1,2";
				TEST_TARGET_NAME = yeniii;
			};
			name = Release;
		};
/* End XCBuildConfiguration section */

/* Begin XCConfigurationList section */
		5CFF5A2A2971AAE1007C75E9 /* Build configuration list for PBXProject "yeniii" */ = {
			isa = XCConfigurationList;
			buildConfigurations = (
				5CFF5A572971AAE2007C75E9 /* Debug */,
				5CFF5A582971AAE2007C75E9 /* Release */,
			);
			defaultConfigurationIsVisible = 0;
			defaultConfigurationName = Release;
		};
		5CFF5A592971AAE2007C75E9 /* Build configuration list for PBXNativeTarget "yeniii" */ = {
			isa = XCConfigurationList;
			buildConfigurations = (
				5CFF5A5A2971AAE2007C75E9 /* Debug */,
				5CFF5A5B2971AAE2007C75E9 /* Release */,
			);
			defaultConfigurationIsVisible = 0;
			defaultConfigurationName = Release;
		};
		5CFF5A5C2971AAE2007C75E9 /* Build configuration list for PBXNativeTarget "yeniiiTests" */ = {
			isa = XCConfigurationList;
			buildConfigurations = (
				5CFF5A5D2971AAE2007C75E9 /* Debug */,
				5CFF5A5E2971AAE2007C75E9 /* Release */,
			);
			defaultConfigurationIsVisible = 0;
			defaultConfigurationName = Release;
		};
		5CFF5A5F2971AAE2007C75E9 /* Build configuration list for PBXNativeTarget "yeniiiUITests" */ = {
			isa = XCConfigurationList;
			buildConfigurations = (
				5CFF5A602971AAE2007C75E9 /* Debug */,
				5CFF5A612971AAE2007C75E9 /* Release */,
			);
			defaultConfigurationIsVisible = 0;
			defaultConfigurationName = Release;
		};
/* End XCConfigurationList section */
	};
	rootObject = 5CFF5A272971AAE1007C75E9 /* Project object */;
}
